
Microsoft Visual Studio Solution File, Format Version 12.00
# Visual Studio 15
VisualStudioVersion = 15.0.28307.438
MinimumVisualStudioVersion = 10.0.40219.1
Project("{2150E333-8FDC-42A3-9474-1A3956D46DE8}") = "Shared", "Shared", "{25FEE0A2-D5A3-43EB-B2DA-B3F713425229}"
	ProjectSection(SolutionItems) = preProject
		Shared\Program.cs = Shared\Program.cs
	EndProjectSection
EndProject
Project("{9A19103F-16F7-4668-BE54-9A1E7A4F7556}") = "DotNet_Basic_Day22", "src\DotNet_Basic_Day22\DotNet_Basic_Day22.csproj", "{E8540CA7-2F82-4D73-9C96-B50037A5029E}"
EndProject
Project("{FAE04EC0-301F-11D3-BF4B-00C04F79EFBC}") = "DotNet_Basic_Day22_02_单例模式", "src\DotNet_Basic_Day22_01_单例模式\DotNet_Basic_Day22_02_单例模式.csproj", "{0F14C6E2-60DC-4319-847C-3E2794995B81}"
EndProject
Global
	GlobalSection(SolutionConfigurationPlatforms) = preSolution
		Debug|Any CPU = Debug|Any CPU
		Release|Any CPU = Release|Any CPU
	EndGlobalSection
	GlobalSection(ProjectConfigurationPlatforms) = postSolution
		{E8540CA7-2F82-4D73-9C96-B50037A5029E}.Debug|Any CPU.ActiveCfg = Debug|Any CPU
		{E8540CA7-2F82-4D73-9C96-B50037A5029E}.Debug|Any CPU.Build.0 = Debug|Any CPU
		{E8540CA7-2F82-4D73-9C96-B50037A5029E}.Release|Any CPU.ActiveCfg = Release|Any CPU
		{E8540CA7-2F82-4D73-9C96-B50037A5029E}.Release|Any CPU.Build.0 = Release|Any CPU
		{0F14C6E2-60DC-4319-847C-3E2794995B81}.Debug|Any CPU.ActiveCfg = Debug|Any CPU
		{0F14C6E2-60DC-4319-847C-3E2794995B81}.Debug|Any CPU.Build.0 = Debug|Any CPU
		{0F14C6E2-60DC-4319-847C-3E2794995B81}.Release|Any CPU.ActiveCfg = Release|Any CPU
		{0F14C6E2-60DC-4319-847C-3E2794995B81}.Release|Any CPU.Build.0 = Release|Any CPU
	EndGlobalSection
	GlobalSection(SolutionProperties) = preSolution
		HideSolutionNode = FALSE
	EndGlobalSection
	GlobalSection(ExtensibilityGlobals) = postSolution
		SolutionGuid = {F31ED112-A408-458B-A07A-D43269D23956}
	EndGlobalSection
EndGlobal
