
Microsoft Visual Studio Solution File, Format Version 12.00
# Visual Studio 15
VisualStudioVersion = 15.0.28307.438
MinimumVisualStudioVersion = 10.0.40219.1
Project("{2150E333-8FDC-42A3-9474-1A3956D46DE8}") = "Shared", "Shared", "{5E262832-7403-45F4-BAA1-C714CE5DF32B}"
	ProjectSection(SolutionItems) = preProject
		Shared\Program.cs = Shared\Program.cs
	EndProjectSection
EndProject
Project("{9A19103F-16F7-4668-BE54-9A1E7A4F7556}") = "DotNet_Basic_Day20", "src\DotNet_Basic_Day20\DotNet_Basic_Day20.csproj", "{602C3E72-BAB4-4366-961F-39E84C3ED44B}"
EndProject
Project("{9A19103F-16F7-4668-BE54-9A1E7A4F7556}") = "DotNet_Basic_Day20_20_01_Protected不同项目访问测试", "DotNet_Basic_Day20_20.01_Protected不同项目访问测试\DotNet_Basic_Day20_20_01_Protected不同项目访问测试.csproj", "{059C0552-88D5-4CBC-B0B4-ADFE976F65CA}"
EndProject
Project("{FAE04EC0-301F-11D3-BF4B-00C04F79EFBC}") = "DotNet_Basic_Day20_20_21_使用StringBuilder来拼接html网页", "src\DotNet_Basic_Day20_20_21_使用StringBuilder来拼接html网页\DotNet_Basic_Day20_20_21_使用StringBuilder来拼接html网页.csproj", "{D6A26993-505A-47FE-A76C-BF6819B41737}"
EndProject
Global
	GlobalSection(SolutionConfigurationPlatforms) = preSolution
		Debug|Any CPU = Debug|Any CPU
		Release|Any CPU = Release|Any CPU
	EndGlobalSection
	GlobalSection(ProjectConfigurationPlatforms) = postSolution
		{602C3E72-BAB4-4366-961F-39E84C3ED44B}.Debug|Any CPU.ActiveCfg = Debug|Any CPU
		{602C3E72-BAB4-4366-961F-39E84C3ED44B}.Debug|Any CPU.Build.0 = Debug|Any CPU
		{602C3E72-BAB4-4366-961F-39E84C3ED44B}.Release|Any CPU.ActiveCfg = Release|Any CPU
		{602C3E72-BAB4-4366-961F-39E84C3ED44B}.Release|Any CPU.Build.0 = Release|Any CPU
		{059C0552-88D5-4CBC-B0B4-ADFE976F65CA}.Debug|Any CPU.ActiveCfg = Debug|Any CPU
		{059C0552-88D5-4CBC-B0B4-ADFE976F65CA}.Debug|Any CPU.Build.0 = Debug|Any CPU
		{059C0552-88D5-4CBC-B0B4-ADFE976F65CA}.Release|Any CPU.ActiveCfg = Release|Any CPU
		{059C0552-88D5-4CBC-B0B4-ADFE976F65CA}.Release|Any CPU.Build.0 = Release|Any CPU
		{D6A26993-505A-47FE-A76C-BF6819B41737}.Debug|Any CPU.ActiveCfg = Debug|Any CPU
		{D6A26993-505A-47FE-A76C-BF6819B41737}.Debug|Any CPU.Build.0 = Debug|Any CPU
		{D6A26993-505A-47FE-A76C-BF6819B41737}.Release|Any CPU.ActiveCfg = Release|Any CPU
		{D6A26993-505A-47FE-A76C-BF6819B41737}.Release|Any CPU.Build.0 = Release|Any CPU
	EndGlobalSection
	GlobalSection(SolutionProperties) = preSolution
		HideSolutionNode = FALSE
	EndGlobalSection
	GlobalSection(ExtensibilityGlobals) = postSolution
		SolutionGuid = {F31ED112-A408-458B-A07A-D43269D23956}
	EndGlobalSection
EndGlobal
