
Microsoft Visual Studio Solution File, Format Version 12.00
# Visual Studio 15
VisualStudioVersion = 15.0.28307.438
MinimumVisualStudioVersion = 10.0.40219.1
Project("{2150E333-8FDC-42A3-9474-1A3956D46DE8}") = "Shared", "Shared", "{5E262832-7403-45F4-BAA1-C714CE5DF32B}"
	ProjectSection(SolutionItems) = preProject
		Shared\Program.cs = Shared\Program.cs
	EndProjectSection
EndProject
Project("{FAE04EC0-301F-11D3-BF4B-00C04F79EFBC}") = "Day04_01.节点树控件介绍", "src\Day04_01.节点树控件介绍\Day04_01.节点树控件介绍.csproj", "{7014B94D-97A6-43B4-A3C2-DF61FE5F159F}"
EndProject
Project("{FAE04EC0-301F-11D3-BF4B-00C04F79EFBC}") = "Day04_02.资料管理器", "src\Day04_02.资料管理器\Day04_02.资料管理器.csproj", "{92491FF4-3A81-4CF8-8F14-A9555DC8FD3C}"
EndProject
Project("{9A19103F-16F7-4668-BE54-9A1E7A4F7556}") = "Day04_03.正则表达式", "src\Day04_03.正则表达式\Day04_03.正则表达式.csproj", "{E854266C-E90F-48D0-B44E-6C182EC72063}"
EndProject
Project("{FAE04EC0-301F-11D3-BF4B-00C04F79EFBC}") = "Day04_04.爬取天气数据", "src\Day04_04.爬取天气数据\Day04_04.爬取天气数据.csproj", "{9B781F1A-832F-49CA-A93F-C03A97CDFEDA}"
EndProject
Project("{FAE04EC0-301F-11D3-BF4B-00C04F79EFBC}") = "Day04_04_01.爬取天气数据_API_GET方式", "src\Day04_04_01.爬取天气数据_API_GET方式\Day04_04_01.爬取天气数据_API_GET方式.csproj", "{B56B5F57-3215-4590-9F5D-7A89A143D594}"
EndProject
Project("{9A19103F-16F7-4668-BE54-9A1E7A4F7556}") = "Day04_05.获取目标网页所有页面邮箱", "src\Day04_05.获取目标网页所有页面邮箱\Day04_05.获取目标网页所有页面邮箱.csproj", "{4A705432-368E-41D7-821B-917324374082}"
EndProject
Project("{FAE04EC0-301F-11D3-BF4B-00C04F79EFBC}") = "Day04_06.抓取网页的img_src带参数的图片链接_并下载", "src\Day04_06.抓取网页的img_src带参数的图片链接_并下载\Day04_06.抓取网页的img_src带参数的图片链接_并下载.csproj", "{3710049E-8912-4C63-958D-E91279A2F38E}"
EndProject
Global
	GlobalSection(SolutionConfigurationPlatforms) = preSolution
		Debug|Any CPU = Debug|Any CPU
		Release|Any CPU = Release|Any CPU
	EndGlobalSection
	GlobalSection(ProjectConfigurationPlatforms) = postSolution
		{7014B94D-97A6-43B4-A3C2-DF61FE5F159F}.Debug|Any CPU.ActiveCfg = Debug|Any CPU
		{7014B94D-97A6-43B4-A3C2-DF61FE5F159F}.Debug|Any CPU.Build.0 = Debug|Any CPU
		{7014B94D-97A6-43B4-A3C2-DF61FE5F159F}.Release|Any CPU.ActiveCfg = Release|Any CPU
		{7014B94D-97A6-43B4-A3C2-DF61FE5F159F}.Release|Any CPU.Build.0 = Release|Any CPU
		{92491FF4-3A81-4CF8-8F14-A9555DC8FD3C}.Debug|Any CPU.ActiveCfg = Debug|Any CPU
		{92491FF4-3A81-4CF8-8F14-A9555DC8FD3C}.Debug|Any CPU.Build.0 = Debug|Any CPU
		{92491FF4-3A81-4CF8-8F14-A9555DC8FD3C}.Release|Any CPU.ActiveCfg = Release|Any CPU
		{92491FF4-3A81-4CF8-8F14-A9555DC8FD3C}.Release|Any CPU.Build.0 = Release|Any CPU
		{E854266C-E90F-48D0-B44E-6C182EC72063}.Debug|Any CPU.ActiveCfg = Debug|Any CPU
		{E854266C-E90F-48D0-B44E-6C182EC72063}.Debug|Any CPU.Build.0 = Debug|Any CPU
		{E854266C-E90F-48D0-B44E-6C182EC72063}.Release|Any CPU.ActiveCfg = Release|Any CPU
		{E854266C-E90F-48D0-B44E-6C182EC72063}.Release|Any CPU.Build.0 = Release|Any CPU
		{9B781F1A-832F-49CA-A93F-C03A97CDFEDA}.Debug|Any CPU.ActiveCfg = Debug|Any CPU
		{9B781F1A-832F-49CA-A93F-C03A97CDFEDA}.Debug|Any CPU.Build.0 = Debug|Any CPU
		{9B781F1A-832F-49CA-A93F-C03A97CDFEDA}.Release|Any CPU.ActiveCfg = Release|Any CPU
		{9B781F1A-832F-49CA-A93F-C03A97CDFEDA}.Release|Any CPU.Build.0 = Release|Any CPU
		{B56B5F57-3215-4590-9F5D-7A89A143D594}.Debug|Any CPU.ActiveCfg = Debug|Any CPU
		{B56B5F57-3215-4590-9F5D-7A89A143D594}.Debug|Any CPU.Build.0 = Debug|Any CPU
		{B56B5F57-3215-4590-9F5D-7A89A143D594}.Release|Any CPU.ActiveCfg = Release|Any CPU
		{B56B5F57-3215-4590-9F5D-7A89A143D594}.Release|Any CPU.Build.0 = Release|Any CPU
		{4A705432-368E-41D7-821B-917324374082}.Debug|Any CPU.ActiveCfg = Debug|Any CPU
		{4A705432-368E-41D7-821B-917324374082}.Debug|Any CPU.Build.0 = Debug|Any CPU
		{4A705432-368E-41D7-821B-917324374082}.Release|Any CPU.ActiveCfg = Release|Any CPU
		{4A705432-368E-41D7-821B-917324374082}.Release|Any CPU.Build.0 = Release|Any CPU
		{3710049E-8912-4C63-958D-E91279A2F38E}.Debug|Any CPU.ActiveCfg = Debug|Any CPU
		{3710049E-8912-4C63-958D-E91279A2F38E}.Debug|Any CPU.Build.0 = Debug|Any CPU
		{3710049E-8912-4C63-958D-E91279A2F38E}.Release|Any CPU.ActiveCfg = Release|Any CPU
		{3710049E-8912-4C63-958D-E91279A2F38E}.Release|Any CPU.Build.0 = Release|Any CPU
	EndGlobalSection
	GlobalSection(SolutionProperties) = preSolution
		HideSolutionNode = FALSE
	EndGlobalSection
	GlobalSection(ExtensibilityGlobals) = postSolution
		SolutionGuid = {F31ED112-A408-458B-A07A-D43269D23956}
	EndGlobalSection
EndGlobal
