
Microsoft Visual Studio Solution File, Format Version 12.00
# Visual Studio 15
VisualStudioVersion = 15.0.26228.4
MinimumVisualStudioVersion = 10.0.40219.1
Project("{FAE04EC0-301F-11D3-BF4B-00C04F79EFBC}") = "01_动物类的继承", "01_动物类的继承\01_动物类的继承.csproj", "{44C8478D-1FC3-4CA1-96F9-8A9B594D5FD5}"
EndProject
Project("{FAE04EC0-301F-11D3-BF4B-00C04F79EFBC}") = "02_外部设备案例", "02_外部设备案例\02_外部设备案例.csproj", "{137A4D0C-31A2-4EC1-8BE6-CC63D8412A0A}"
EndProject
Project("{FAE04EC0-301F-11D3-BF4B-00C04F79EFBC}") = "03_猜拳", "03_猜拳\03_猜拳.csproj", "{E70C4662-209A-4B1A-B3EB-E1811D1E6A22}"
EndProject
Project("{FAE04EC0-301F-11D3-BF4B-00C04F79EFBC}") = "04_登记案例", "04_登记案例\04_登记案例.csproj", "{669BB98E-A691-4E81-BEDB-BC82B5FE4CFB}"
EndProject
Project("{FAE04EC0-301F-11D3-BF4B-00C04F79EFBC}") = "05_计算器", "05_计算器\05_计算器.csproj", "{5291CAE7-93E9-43AD-A220-E7A8867FEEC3}"
EndProject
Project("{FAE04EC0-301F-11D3-BF4B-00C04F79EFBC}") = "Calculator", "Calculator\Calculator.csproj", "{061563CE-7A33-4DBE-A864-5C809289562C}"
EndProject
Project("{FAE04EC0-301F-11D3-BF4B-00C04F79EFBC}") = "06_文件案例", "06_文件案例\06_文件案例.csproj", "{072FD04E-51EA-432D-9682-D29965EB6BFE}"
EndProject
Global
	GlobalSection(SolutionConfigurationPlatforms) = preSolution
		Debug|Any CPU = Debug|Any CPU
		Release|Any CPU = Release|Any CPU
	EndGlobalSection
	GlobalSection(ProjectConfigurationPlatforms) = postSolution
		{44C8478D-1FC3-4CA1-96F9-8A9B594D5FD5}.Debug|Any CPU.ActiveCfg = Debug|Any CPU
		{44C8478D-1FC3-4CA1-96F9-8A9B594D5FD5}.Debug|Any CPU.Build.0 = Debug|Any CPU
		{44C8478D-1FC3-4CA1-96F9-8A9B594D5FD5}.Release|Any CPU.ActiveCfg = Release|Any CPU
		{44C8478D-1FC3-4CA1-96F9-8A9B594D5FD5}.Release|Any CPU.Build.0 = Release|Any CPU
		{137A4D0C-31A2-4EC1-8BE6-CC63D8412A0A}.Debug|Any CPU.ActiveCfg = Debug|Any CPU
		{137A4D0C-31A2-4EC1-8BE6-CC63D8412A0A}.Debug|Any CPU.Build.0 = Debug|Any CPU
		{137A4D0C-31A2-4EC1-8BE6-CC63D8412A0A}.Release|Any CPU.ActiveCfg = Release|Any CPU
		{137A4D0C-31A2-4EC1-8BE6-CC63D8412A0A}.Release|Any CPU.Build.0 = Release|Any CPU
		{E70C4662-209A-4B1A-B3EB-E1811D1E6A22}.Debug|Any CPU.ActiveCfg = Debug|Any CPU
		{E70C4662-209A-4B1A-B3EB-E1811D1E6A22}.Debug|Any CPU.Build.0 = Debug|Any CPU
		{E70C4662-209A-4B1A-B3EB-E1811D1E6A22}.Release|Any CPU.ActiveCfg = Release|Any CPU
		{E70C4662-209A-4B1A-B3EB-E1811D1E6A22}.Release|Any CPU.Build.0 = Release|Any CPU
		{669BB98E-A691-4E81-BEDB-BC82B5FE4CFB}.Debug|Any CPU.ActiveCfg = Debug|Any CPU
		{669BB98E-A691-4E81-BEDB-BC82B5FE4CFB}.Debug|Any CPU.Build.0 = Debug|Any CPU
		{669BB98E-A691-4E81-BEDB-BC82B5FE4CFB}.Release|Any CPU.ActiveCfg = Release|Any CPU
		{669BB98E-A691-4E81-BEDB-BC82B5FE4CFB}.Release|Any CPU.Build.0 = Release|Any CPU
		{5291CAE7-93E9-43AD-A220-E7A8867FEEC3}.Debug|Any CPU.ActiveCfg = Debug|Any CPU
		{5291CAE7-93E9-43AD-A220-E7A8867FEEC3}.Debug|Any CPU.Build.0 = Debug|Any CPU
		{5291CAE7-93E9-43AD-A220-E7A8867FEEC3}.Release|Any CPU.ActiveCfg = Release|Any CPU
		{5291CAE7-93E9-43AD-A220-E7A8867FEEC3}.Release|Any CPU.Build.0 = Release|Any CPU
		{061563CE-7A33-4DBE-A864-5C809289562C}.Debug|Any CPU.ActiveCfg = Debug|Any CPU
		{061563CE-7A33-4DBE-A864-5C809289562C}.Debug|Any CPU.Build.0 = Debug|Any CPU
		{061563CE-7A33-4DBE-A864-5C809289562C}.Release|Any CPU.ActiveCfg = Release|Any CPU
		{061563CE-7A33-4DBE-A864-5C809289562C}.Release|Any CPU.Build.0 = Release|Any CPU
		{072FD04E-51EA-432D-9682-D29965EB6BFE}.Debug|Any CPU.ActiveCfg = Debug|Any CPU
		{072FD04E-51EA-432D-9682-D29965EB6BFE}.Debug|Any CPU.Build.0 = Debug|Any CPU
		{072FD04E-51EA-432D-9682-D29965EB6BFE}.Release|Any CPU.ActiveCfg = Release|Any CPU
		{072FD04E-51EA-432D-9682-D29965EB6BFE}.Release|Any CPU.Build.0 = Release|Any CPU
	EndGlobalSection
	GlobalSection(SolutionProperties) = preSolution
		HideSolutionNode = FALSE
	EndGlobalSection
EndGlobal
